
Microsoft Visual Studio Solution File, Format Version 12.00
# Visual Studio 15
VisualStudioVersion = 15.0.27130.0
MinimumVisualStudioVersion = 10.0.40219.1
Project("{FAE04EC0-301F-11D3-BF4B-00C04F79EFBC}") = "DrawingProgramCS", "DrawingProgramCS\DrawingProgramCS.csproj", "{D81D9F8B-44DC-41ED-8F55-B810C422F9A3}"
EndProject
Project("{FAE04EC0-301F-11D3-BF4B-00C04F79EFBC}") = "DrawingProgramCS.Test", "DrawingProgramCS.Test\DrawingProgramCS.Test.csproj", "{09D5317B-C55D-42D9-8532-F82C1BDD28C5}"
EndProject
Global
	GlobalSection(SolutionConfigurationPlatforms) = preSolution
		Debug|Any CPU = Debug|Any CPU
		Release|Any CPU = Release|Any CPU
	EndGlobalSection
	GlobalSection(ProjectConfigurationPlatforms) = postSolution
		{D81D9F8B-44DC-41ED-8F55-B810C422F9A3}.Debug|Any CPU.ActiveCfg = Debug|Any CPU
		{D81D9F8B-44DC-41ED-8F55-B810C422F9A3}.Debug|Any CPU.Build.0 = Debug|Any CPU
		{D81D9F8B-44DC-41ED-8F55-B810C422F9A3}.Release|Any CPU.ActiveCfg = Release|Any CPU
		{D81D9F8B-44DC-41ED-8F55-B810C422F9A3}.Release|Any CPU.Build.0 = Release|Any CPU
		{09D5317B-C55D-42D9-8532-F82C1BDD28C5}.Debug|Any CPU.ActiveCfg = Debug|Any CPU
		{09D5317B-C55D-42D9-8532-F82C1BDD28C5}.Debug|Any CPU.Build.0 = Debug|Any CPU
		{09D5317B-C55D-42D9-8532-F82C1BDD28C5}.Release|Any CPU.ActiveCfg = Release|Any CPU
		{09D5317B-C55D-42D9-8532-F82C1BDD28C5}.Release|Any CPU.Build.0 = Release|Any CPU
	EndGlobalSection
	GlobalSection(SolutionProperties) = preSolution
		HideSolutionNode = FALSE
	EndGlobalSection
	GlobalSection(ExtensibilityGlobals) = postSolution
		SolutionGuid = {6153C0A9-90DD-4E75-A478-CA2DE51492C3}
	EndGlobalSection
EndGlobal
